
Microsoft Visual Studio Solution File, Format Version 12.00
# Visual Studio Version 16
VisualStudioVersion = 16.0.31229.75
MinimumVisualStudioVersion = 10.0.40219.1
Project("{FAE04EC0-301F-11D3-BF4B-00C04F79EFBC}") = "NUnitExp", "NUnitExp\NUnitExp.csproj", "{8E3BFE0E-EE55-4C84-A7E3-480F6A0B1D72}"
EndProject
Project("{FAE04EC0-301F-11D3-BF4B-00C04F79EFBC}") = "NUnitExp.Test", "NUnitExp.Test\NUnitExp.Test.csproj", "{50A4BBA7-7596-4989-9464-182106F8A471}"
EndProject
Global
	GlobalSection(SolutionConfigurationPlatforms) = preSolution
		Debug|Any CPU = Debug|Any CPU
		Release|Any CPU = Release|Any CPU
	EndGlobalSection
	GlobalSection(ProjectConfigurationPlatforms) = postSolution
		{8E3BFE0E-EE55-4C84-A7E3-480F6A0B1D72}.Debug|Any CPU.ActiveCfg = Debug|Any CPU
		{8E3BFE0E-EE55-4C84-A7E3-480F6A0B1D72}.Debug|Any CPU.Build.0 = Debug|Any CPU
		{8E3BFE0E-EE55-4C84-A7E3-480F6A0B1D72}.Release|Any CPU.ActiveCfg = Release|Any CPU
		{8E3BFE0E-EE55-4C84-A7E3-480F6A0B1D72}.Release|Any CPU.Build.0 = Release|Any CPU
		{50A4BBA7-7596-4989-9464-182106F8A471}.Debug|Any CPU.ActiveCfg = Debug|Any CPU
		{50A4BBA7-7596-4989-9464-182106F8A471}.Debug|Any CPU.Build.0 = Debug|Any CPU
		{50A4BBA7-7596-4989-9464-182106F8A471}.Release|Any CPU.ActiveCfg = Release|Any CPU
		{50A4BBA7-7596-4989-9464-182106F8A471}.Release|Any CPU.Build.0 = Release|Any CPU
	EndGlobalSection
	GlobalSection(SolutionProperties) = preSolution
		HideSolutionNode = FALSE
	EndGlobalSection
	GlobalSection(ExtensibilityGlobals) = postSolution
		SolutionGuid = {BA1AD429-8377-4E76-930B-E4BD3F8AF9BD}
	EndGlobalSection
EndGlobal
